
Microsoft Visual Studio Solution File, Format Version 12.00
# Visual Studio 15
VisualStudioVersion = 15.0.28010.2003
MinimumVisualStudioVersion = 10.0.40219.1
Project("{FAE04EC0-301F-11D3-BF4B-00C04F79EFBC}") = "WindowsFormsApp", "WindowsFormsApp\WindowsFormsApp.csproj", "{A46BD149-AB11-4686-B1DE-CCA04EFCBE9D}"
EndProject
Project("{FAE04EC0-301F-11D3-BF4B-00C04F79EFBC}") = "UnitTestProject", "..\..\tests\UnitTestProject\UnitTestProject.csproj", "{ADC02D12-D858-4BF2-8710-5E3B4AFA24A8}"
EndProject
Global
	GlobalSection(SolutionConfigurationPlatforms) = preSolution
		Debug|Any CPU = Debug|Any CPU
		Release|Any CPU = Release|Any CPU
	EndGlobalSection
	GlobalSection(ProjectConfigurationPlatforms) = postSolution
		{A46BD149-AB11-4686-B1DE-CCA04EFCBE9D}.Debug|Any CPU.ActiveCfg = Debug|Any CPU
		{A46BD149-AB11-4686-B1DE-CCA04EFCBE9D}.Debug|Any CPU.Build.0 = Debug|Any CPU
		{A46BD149-AB11-4686-B1DE-CCA04EFCBE9D}.Release|Any CPU.ActiveCfg = Release|Any CPU
		{A46BD149-AB11-4686-B1DE-CCA04EFCBE9D}.Release|Any CPU.Build.0 = Release|Any CPU
		{ADC02D12-D858-4BF2-8710-5E3B4AFA24A8}.Debug|Any CPU.ActiveCfg = Debug|Any CPU
		{ADC02D12-D858-4BF2-8710-5E3B4AFA24A8}.Debug|Any CPU.Build.0 = Debug|Any CPU
		{ADC02D12-D858-4BF2-8710-5E3B4AFA24A8}.Release|Any CPU.ActiveCfg = Release|Any CPU
		{ADC02D12-D858-4BF2-8710-5E3B4AFA24A8}.Release|Any CPU.Build.0 = Release|Any CPU
	EndGlobalSection
	GlobalSection(SolutionProperties) = preSolution
		HideSolutionNode = FALSE
	EndGlobalSection
	GlobalSection(ExtensibilityGlobals) = postSolution
		SolutionGuid = {DB65C176-497B-4E0C-8BFC-53F17716F1A8}
	EndGlobalSection
EndGlobal
